
Microsoft Visual Studio Solution File, Format Version 12.00
# Visual Studio Version 17
VisualStudioVersion = 17.2.32519.379
MinimumVisualStudioVersion = 10.0.40219.1
Project("{9A19103F-16F7-4668-BE54-9A1E7A4F7556}") = "ProductManagement", "ProductManagement\ProductManagement.csproj", "{CADF5045-F8DE-46AD-A4B2-6B61990D1C1F}"
EndProject
Project("{9A19103F-16F7-4668-BE54-9A1E7A4F7556}") = "ProductManagementModel", "ProductManagementModel\ProductManagementModel.csproj", "{74EE11AD-D28B-416A-AFC1-5E2CF4EFE0A4}"
EndProject
Project("{9A19103F-16F7-4668-BE54-9A1E7A4F7556}") = "ProductManagementDBContext", "ProductManagementDBContext\ProductManagementDBContext.csproj", "{72B73152-6D97-4AED-A488-DD768523668A}"
EndProject
Project("{FAE04EC0-301F-11D3-BF4B-00C04F79EFBC}") = "ProductManagementRepo", "ProductManagementRepo\ProductManagementRepo.csproj", "{4D2C8A7D-6813-44CA-BB35-391EF49FCB70}"
EndProject
Project("{FAE04EC0-301F-11D3-BF4B-00C04F79EFBC}") = "ProductManagementService", "ProductManagementService\ProductManagementService.csproj", "{63AEB47E-E68C-4B42-9FF3-87CF0498EA75}"
EndProject
Global
	GlobalSection(SolutionConfigurationPlatforms) = preSolution
		Debug|Any CPU = Debug|Any CPU
		Release|Any CPU = Release|Any CPU
	EndGlobalSection
	GlobalSection(ProjectConfigurationPlatforms) = postSolution
		{CADF5045-F8DE-46AD-A4B2-6B61990D1C1F}.Debug|Any CPU.ActiveCfg = Debug|Any CPU
		{CADF5045-F8DE-46AD-A4B2-6B61990D1C1F}.Debug|Any CPU.Build.0 = Debug|Any CPU
		{CADF5045-F8DE-46AD-A4B2-6B61990D1C1F}.Release|Any CPU.ActiveCfg = Release|Any CPU
		{CADF5045-F8DE-46AD-A4B2-6B61990D1C1F}.Release|Any CPU.Build.0 = Release|Any CPU
		{74EE11AD-D28B-416A-AFC1-5E2CF4EFE0A4}.Debug|Any CPU.ActiveCfg = Debug|Any CPU
		{74EE11AD-D28B-416A-AFC1-5E2CF4EFE0A4}.Debug|Any CPU.Build.0 = Debug|Any CPU
		{74EE11AD-D28B-416A-AFC1-5E2CF4EFE0A4}.Release|Any CPU.ActiveCfg = Release|Any CPU
		{74EE11AD-D28B-416A-AFC1-5E2CF4EFE0A4}.Release|Any CPU.Build.0 = Release|Any CPU
		{72B73152-6D97-4AED-A488-DD768523668A}.Debug|Any CPU.ActiveCfg = Debug|Any CPU
		{72B73152-6D97-4AED-A488-DD768523668A}.Debug|Any CPU.Build.0 = Debug|Any CPU
		{72B73152-6D97-4AED-A488-DD768523668A}.Release|Any CPU.ActiveCfg = Release|Any CPU
		{72B73152-6D97-4AED-A488-DD768523668A}.Release|Any CPU.Build.0 = Release|Any CPU
		{4D2C8A7D-6813-44CA-BB35-391EF49FCB70}.Debug|Any CPU.ActiveCfg = Debug|Any CPU
		{4D2C8A7D-6813-44CA-BB35-391EF49FCB70}.Debug|Any CPU.Build.0 = Debug|Any CPU
		{4D2C8A7D-6813-44CA-BB35-391EF49FCB70}.Release|Any CPU.ActiveCfg = Release|Any CPU
		{4D2C8A7D-6813-44CA-BB35-391EF49FCB70}.Release|Any CPU.Build.0 = Release|Any CPU
		{63AEB47E-E68C-4B42-9FF3-87CF0498EA75}.Debug|Any CPU.ActiveCfg = Debug|Any CPU
		{63AEB47E-E68C-4B42-9FF3-87CF0498EA75}.Debug|Any CPU.Build.0 = Debug|Any CPU
		{63AEB47E-E68C-4B42-9FF3-87CF0498EA75}.Release|Any CPU.ActiveCfg = Release|Any CPU
		{63AEB47E-E68C-4B42-9FF3-87CF0498EA75}.Release|Any CPU.Build.0 = Release|Any CPU
	EndGlobalSection
	GlobalSection(SolutionProperties) = preSolution
		HideSolutionNode = FALSE
	EndGlobalSection
	GlobalSection(ExtensibilityGlobals) = postSolution
		SolutionGuid = {61662586-F396-443A-8D82-64EAA9E6DB85}
	EndGlobalSection
EndGlobal
